<?xml version="1.0" encoding="utf-8"?>
<Project ToolsVersion="4.0" xmlns="http://schemas.microsoft.com/developer/msbuild/2003">
  <ItemGroup>
    <Filter Include="Source Files">
      <UniqueIdentifier>{4FC737F1-C7A5-4376-A066-2A32D752A2FF}</UniqueIdentifier>
      <Extensions>cpp;c;cc;cxx;def;odl;idl;hpj;bat;asm;asmx</Extensions>
    </Filter>
    <Filter Include="Header Files">
      <UniqueIdentifier>{93995380-89BD-4b04-88EB-625FBE52EBFB}</UniqueIdentifier>
      <Extensions>h;hh;hpp;hxx;hm;inl;inc;xsd</Extensions>
    </Filter>
    <Filter Include="Resource Files">
      <UniqueIdentifier>{67DA6AB6-F800-4c08-8B7A-83BB121AAD01}</UniqueIdentifier>
      <Extensions>rc;ico;cur;bmp;dlg;rc2;rct;bin;rgs;gif;jpg;jpeg;jpe;resx;tiff;tif;png;wav;mfcribbon-ms</Extensions>
    </Filter>
  </ItemGroup>
  <ItemGroup>
    <ClCompile Include="Code\MyScene.cpp">
      <Filter>Source Files</Filter>
    </ClCompile>
    <ClCompile Include="Framework\Engine\Engine.cpp">
      <Filter>Source Files</Filter>
    </ClCompile>
    <ClCompile Include="Framework\Engine\Scene.cpp">
      <Filter>Source Files</Filter>
    </ClCompile>
    <ClCompile Include="Framework\Utility\Texture.cpp">
      <Filter>Source Files</Filter>
    </ClCompile>
    <ClCompile Include="Code\main.cpp">
      <Filter>Source Files</Filter>
    </ClCompile>
    <ClCompile Include="Framework\Utility\Camera.cpp">
      <Filter>Source Files</Filter>
    </ClCompile>
    <ClCompile Include="Code\Demos\Triangle.cpp">
      <Filter>Source Files</Filter>
    </ClCompile>
    <ClCompile Include="Code\Demos\Solar System\Planet.cpp">
      <Filter>Source Files</Filter>
    </ClCompile>
    <ClCompile Include="Code\Demos\Solar System\Planet2.cpp">
      <Filter>Source Files</Filter>
    </ClCompile>
    <ClCompile Include="Code\Demos\Triforce\Triforce.cpp">
      <Filter>Source Files</Filter>
    </ClCompile>
    <ClCompile Include="Code\Demos\Animated Lamp\Lamp.cpp">
      <Filter>Source Files</Filter>
    </ClCompile>
    <ClCompile Include="Code\Demos\Viewing Example\Floor.cpp">
      <Filter>Source Files</Filter>
    </ClCompile>
    <ClCompile Include="Code\Demos\Lighting\Teapot.cpp">
      <Filter>Source Files</Filter>
    </ClCompile>
    <ClCompile Include="Code\Demos\Lighting\Light.cpp">
      <Filter>Source Files</Filter>
    </ClCompile>
    <ClCompile Include="Code\Demos\Lighting\MultiLight.cpp">
      <Filter>Source Files</Filter>
    </ClCompile>
    <ClCompile Include="Code\Demos\Lighting\SpotLight.cpp">
      <Filter>Source Files</Filter>
    </ClCompile>
    <ClCompile Include="Code\Demos\Lighting\Room.cpp">
      <Filter>Source Files</Filter>
    </ClCompile>
    <ClCompile Include="Code\Demos\Texturing\Link.cpp">
      <Filter>Source Files</Filter>
    </ClCompile>
    <ClCompile Include="Code\Demos\Texturing\SunLight.cpp">
      <Filter>Source Files</Filter>
    </ClCompile>
    <ClCompile Include="Code\Demos\Texturing\TexturedCube.cpp">
      <Filter>Source Files</Filter>
    </ClCompile>
    <ClCompile Include="Code\Demos\Texturing\Water.cpp">
      <Filter>Source Files</Filter>
    </ClCompile>
    <ClCompile Include="Code\FirstRoom.cpp">
      <Filter>Source Files</Filter>
    </ClCompile>
    <ClCompile Include="Code\ClotheseCase.cpp">
      <Filter>Source Files</Filter>
    </ClCompile>
    <ClCompile Include="Code\Castle.cpp">
      <Filter>Source Files</Filter>
    </ClCompile>
    <ClCompile Include="Code\DrawCube.cpp">
      <Filter>Source Files</Filter>
    </ClCompile>
    <ClCompile Include="Code\Snow.cpp">
      <Filter>Source Files</Filter>
    </ClCompile>
    <ClCompile Include="Code\People.cpp">
      <Filter>Source Files</Filter>
    </ClCompile>
    <ClCompile Include="Code\Table.cpp">
      <Filter>Source Files</Filter>
    </ClCompile>
    <ClCompile Include="Code\RecursionTree.cpp">
      <Filter>Source Files</Filter>
    </ClCompile>
    <ClCompile Include="Code\GameManager.cpp">
      <Filter>Source Files</Filter>
    </ClCompile>
    <ClCompile Include="Code\SkyBox.cpp">
      <Filter>Source Files</Filter>
    </ClCompile>
    <ClCompile Include="Code\LoadModel.cpp">
      <Filter>Source Files</Filter>
    </ClCompile>
    <ClCompile Include="Code\LightOne.cpp">
      <Filter>Source Files</Filter>
    </ClCompile>
    <ClCompile Include="Code\Lion.cpp">
      <Filter>Source Files</Filter>
    </ClCompile>
  </ItemGroup>
  <ItemGroup>
    <ClInclude Include="Code\MyScene.h">
      <Filter>Header Files</Filter>
    </ClInclude>
    <ClInclude Include="Framework\Interface\Animation.h">
      <Filter>Header Files</Filter>
    </ClInclude>
    <ClInclude Include="Framework\Interface\Input.h">
      <Filter>Header Files</Filter>
    </ClInclude>
    <ClInclude Include="Framework\Engine\Engine.h">
      <Filter>Header Files</Filter>
    </ClInclude>
    <ClInclude Include="Framework\Engine\Scene.h">
      <Filter>Header Files</Filter>
    </ClInclude>
    <ClInclude Include="Framework\Interface\DisplayableObject.h">
      <Filter>Header Files</Filter>
    </ClInclude>
    <ClInclude Include="Framework\Utility\Texture.h">
      <Filter>Header Files</Filter>
    </ClInclude>
    <ClInclude Include="Framework\Utility\VectorMath.h">
      <Filter>Header Files</Filter>
    </ClInclude>
    <ClInclude Include="Framework\Utility\Camera.h">
      <Filter>Header Files</Filter>
    </ClInclude>
    <ClInclude Include="Code\Demos\Triangle.h">
      <Filter>Header Files</Filter>
    </ClInclude>
    <ClInclude Include="Code\Demos\Solar System\Planet.h">
      <Filter>Header Files</Filter>
    </ClInclude>
    <ClInclude Include="Code\Demos\Solar System\Planet2.h">
      <Filter>Header Files</Filter>
    </ClInclude>
    <ClInclude Include="Code\Demos\Triforce\Triforce.h">
      <Filter>Header Files</Filter>
    </ClInclude>
    <ClInclude Include="Code\Demos\Animated Lamp\Lamp.h">
      <Filter>Header Files</Filter>
    </ClInclude>
    <ClInclude Include="Code\Demos\Animated Lamp\LampMesh.h">
      <Filter>Header Files</Filter>
    </ClInclude>
    <ClInclude Include="Code\Demos\Viewing Example\Floor.h">
      <Filter>Header Files</Filter>
    </ClInclude>
    <ClInclude Include="Code\Demos\Lighting\Teapot.h">
      <Filter>Header Files</Filter>
    </ClInclude>
    <ClInclude Include="Code\Demos\Lighting\Light.h">
      <Filter>Header Files</Filter>
    </ClInclude>
    <ClInclude Include="Code\Demos\Lighting\MultiLight.h">
      <Filter>Header Files</Filter>
    </ClInclude>
    <ClInclude Include="Code\Demos\Lighting\SpotLight.h">
      <Filter>Header Files</Filter>
    </ClInclude>
    <ClInclude Include="Code\Demos\Lighting\Room.h">
      <Filter>Header Files</Filter>
    </ClInclude>
    <ClInclude Include="Code\Demos\Texturing\Link.h">
      <Filter>Header Files</Filter>
    </ClInclude>
    <ClInclude Include="Code\Demos\Texturing\SunLight.h">
      <Filter>Header Files</Filter>
    </ClInclude>
    <ClInclude Include="Code\Demos\Texturing\TexturedCube.h">
      <Filter>Header Files</Filter>
    </ClInclude>
    <ClInclude Include="Code\Demos\Texturing\Water.h">
      <Filter>Header Files</Filter>
    </ClInclude>
    <ClInclude Include="Code\FirstRoom.h">
      <Filter>Header Files</Filter>
    </ClInclude>
    <ClInclude Include="Code\ClotheseCase.h">
      <Filter>Header Files</Filter>
    </ClInclude>
    <ClInclude Include="Code\Castle.h">
      <Filter>Header Files</Filter>
    </ClInclude>
    <ClInclude Include="Code\DrawCube.h">
      <Filter>Header Files</Filter>
    </ClInclude>
    <ClInclude Include="Code\Snow.h">
      <Filter>Header Files</Filter>
    </ClInclude>
    <ClInclude Include="Code\People.h">
      <Filter>Header Files</Filter>
    </ClInclude>
    <ClInclude Include="Code\Table.h">
      <Filter>Header Files</Filter>
    </ClInclude>
    <ClInclude Include="Code\RecursionTree.h">
      <Filter>Header Files</Filter>
    </ClInclude>
    <ClInclude Include="Code\GameManager.h">
      <Filter>Header Files</Filter>
    </ClInclude>
    <ClInclude Include="Code\SkyBox.h">
      <Filter>Header Files</Filter>
    </ClInclude>
    <ClInclude Include="Code\LoadModel.h">
      <Filter>Header Files</Filter>
    </ClInclude>
    <ClInclude Include="Code\LightOne.h">
      <Filter>Header Files</Filter>
    </ClInclude>
    <ClInclude Include="Code\Lion.h">
      <Filter>Header Files</Filter>
    </ClInclude>
  </ItemGroup>
  <ItemGroup>
    <Image Include="Code\Demos\Texturing\batmanlogo.bmp">
      <Filter>Resource Files</Filter>
    </Image>
    <Image Include="Code\Demos\Texturing\linkSpriteSheet.bmp">
      <Filter>Resource Files</Filter>
    </Image>
    <Image Include="Code\Demos\Texturing\water.bmp">
      <Filter>Resource Files</Filter>
    </Image>
  </ItemGroup>
</Project>